# THIS IS AN AUTOGENERATED FILE. DO NOT EDIT THIS FILE DIRECTLY.
# yarn lockfile v1


axios@^0.19.2:
  version "0.19.2"
  resolved "http://192.168.211.68:4873/axios/-/axios-0.19.2.tgz#3ea36c5d8818d0d5f8a8a97a6d36b86cdc00cb27"
  integrity sha1-PqNsXYgY0NX4qKl6bTa4bNwAyyc=
  dependencies:
    follow-redirects "1.5.10"

clone-deep@^4.0.1:
  version "4.0.1"
  resolved "http://192.168.211.68:4873/clone-deep/-/clone-deep-4.0.1.tgz#c19fd9bdbbf85942b4fd979c84dcf7d5f07c2387"
  integrity sha1-wZ/Zvbv4WUK0/ZechNz31fB8I4c=
  dependencies:
    is-plain-object "^2.0.4"
    kind-of "^6.0.2"
    shallow-clone "^3.0.0"

crypto-js@^4.0.0:
  version "4.0.0"
  resolved "http://192.168.211.68:4873/crypto-js/-/crypto-js-4.0.0.tgz#2904ab2677a9d042856a2ea2ef80de92e4a36dcc"
  integrity sha1-KQSrJnep0EKFai6i74DekuSjbcw=

debug@=3.1.0:
  version "3.1.0"
  resolved "http://192.168.211.68:4873/debug/-/debug-3.1.0.tgz#5bb5a0672628b64149566ba16819e61518c67261"
  integrity sha1-W7WgZyYotkFJVmuhaBnmFRjGcmE=
  dependencies:
    ms "2.0.0"

follow-redirects@1.5.10:
  version "1.5.10"
  resolved "http://192.168.211.68:4873/follow-redirects/-/follow-redirects-1.5.10.tgz#7b7a9f9aea2fdff36786a94ff643ed07f4ff5e2a"
  integrity sha1-e3qfmuov3/NnhqlP9kPtB/T/Xio=
  dependencies:
    debug "=3.1.0"

is-empty@^1.2.0:
  version "1.2.0"
  resolved "http://192.168.211.68:4873/is-empty/-/is-empty-1.2.0.tgz#de9bb5b278738a05a0b09a57e1fb4d4a341a9f6b"
  integrity sha1-3pu1snhzigWgsJpX4ftNSjQan2s=

is-plain-object@^2.0.4:
  version "2.0.4"
  resolved "http://192.168.211.68:4873/is-plain-object/-/is-plain-object-2.0.4.tgz#2c163b3fafb1b606d9d17928f05c2a1c38e07677"
  integrity sha1-LBY7P6+xtgbZ0Xko8FwqHDjgdnc=
  dependencies:
    isobject "^3.0.1"

isobject@^3.0.1:
  version "3.0.1"
  resolved "http://192.168.211.68:4873/isobject/-/isobject-3.0.1.tgz#4e431e92b11a9731636aa1f9c8d1ccbcfdab78df"
  integrity sha1-TkMekrEalzFjaqH5yNHMvP2reN8=

kind-of@^6.0.2:
  version "6.0.3"
  resolved "http://192.168.211.68:4873/kind-of/-/kind-of-6.0.3.tgz#07c05034a6c349fa06e24fa35aa76db4580ce4dd"
  integrity sha1-B8BQNKbDSfoG4k+jWqdttFgM5N0=

lodash.merge@^4.6.2:
  version "4.6.2"
  resolved "http://192.168.211.68:4873/lodash.merge/-/lodash.merge-4.6.2.tgz#558aa53b43b661e1925a0afdfa36a9a1085fe57a"
  integrity sha1-VYqlO0O2YeGSWgr9+japoQhf5Xo=

ms@2.0.0:
  version "2.0.0"
  resolved "http://192.168.211.68:4873/ms/-/ms-2.0.0.tgz#5608aeadfc00be6c2901df5f9861788de0d597c8"
  integrity sha1-VgiurfwAvmwpAd9fmGF4jeDVl8g=

shallow-clone@^3.0.0:
  version "3.0.1"
  resolved "http://192.168.211.68:4873/shallow-clone/-/shallow-clone-3.0.1.tgz#8f2981ad92531f55035b01fb230769a40e02efa3"
  integrity sha1-jymBrZJTH1UDWwH7IwdppA4C76M=
  dependencies:
    kind-of "^6.0.2"

sunflower-ajax@^1.0.0:
  version "1.0.0"
  resolved "http://192.168.211.68:4873/sunflower-ajax/-/sunflower-ajax-1.0.0.tgz#77970a8c5813b43230bdecdd3a5767faee902529"
  integrity sha512-Ae5K0JwOJpB8U0e3BtP2E9/SnSYLU8zjWurOH2ghCpzEsguWnSqX1HcQsYefoP/9AwPumgTb3vVszZT/o/Vmmw==
  dependencies:
    axios "^0.19.2"
    crypto-js "^4.0.0"
    lodash.merge "^4.6.2"
